// !$*UTF8*$!
{
	archiveVersion = 1;
	classes = {
	};
	objectVersion = 46;
	objects = {

/* Begin PBXBuildFile section */
		30131C381E70707D00E11225 /* UILabelTimerClass.swift in Sources */ = {isa = PBXBuildFile; fileRef = 30131C371E70707D00E11225 /* UILabelTimerClass.swift */; };
		309BAC4F1E6C00F100BE5C01 /* UILabelTimerAll.swift in Sources */ = {isa = PBXBuildFile; fileRef = 309BAC4E1E6C00F100BE5C01 /* UILabelTimerAll.swift */; };
		309BAC531E6C06D500BE5C01 /* UIViewColorHead.swift in Sources */ = {isa = PBXBuildFile; fileRef = 309BAC521E6C06D500BE5C01 /* UIViewColorHead.swift */; };
		309BAC551E6C358600BE5C01 /* UIBarButtonItemColor.swift in Sources */ = {isa = PBXBuildFile; fileRef = 309BAC541E6C358600BE5C01 /* UIBarButtonItemColor.swift */; };
		309BAC571E6CA1CA00BE5C01 /* UIButtonStartEnd.swift in Sources */ = {isa = PBXBuildFile; fileRef = 309BAC561E6CA1CA00BE5C01 /* UIButtonStartEnd.swift */; };
		309EC1381E6309C500ECC41D /* AppDelegate.swift in Sources */ = {isa = PBXBuildFile; fileRef = 309EC1371E6309C500ECC41D /* AppDelegate.swift */; };
		309EC13A1E6309C500ECC41D /* ViewController.swift in Sources */ = {isa = PBXBuildFile; fileRef = 309EC1391E6309C500ECC41D /* ViewController.swift */; };
		309EC13D1E6309C500ECC41D /* Main.storyboard in Resources */ = {isa = PBXBuildFile; fileRef = 309EC13B1E6309C500ECC41D /* Main.storyboard */; };
		309EC1401E6309C500ECC41D /* colorCheckGame.xcdatamodeld in Sources */ = {isa = PBXBuildFile; fileRef = 309EC13E1E6309C500ECC41D /* colorCheckGame.xcdatamodeld */; };
		309EC1421E6309C500ECC41D /* Assets.xcassets in Resources */ = {isa = PBXBuildFile; fileRef = 309EC1411E6309C500ECC41D /* Assets.xcassets */; };
		309EC1451E6309C500ECC41D /* LaunchScreen.storyboard in Resources */ = {isa = PBXBuildFile; fileRef = 309EC1431E6309C500ECC41D /* LaunchScreen.storyboard */; };
		309EC14D1E630A5C00ECC41D /* UILabelScores.swift in Sources */ = {isa = PBXBuildFile; fileRef = 309EC14C1E630A5C00ECC41D /* UILabelScores.swift */; };
		309EC14F1E630A7B00ECC41D /* UILabelTimer.swift in Sources */ = {isa = PBXBuildFile; fileRef = 309EC14E1E630A7B00ECC41D /* UILabelTimer.swift */; };
/* End PBXBuildFile section */

/* Begin PBXFileReference section */
		30131C371E70707D00E11225 /* UILabelTimerClass.swift */ = {isa = PBXFileReference; fileEncoding = 4; lastKnownFileType = sourcecode.swift; path = UILabelTimerClass.swift; sourceTree = "<group>"; };
		309BAC4E1E6C00F100BE5C01 /* UILabelTimerAll.swift */ = {isa = PBXFileReference; fileEncoding = 4; lastKnownFileType = sourcecode.swift; path = UILabelTimerAll.swift; sourceTree = "<group>"; };
		309BAC521E6C06D500BE5C01 /* UIViewColorHead.swift */ = {isa = PBXFileReference; fileEncoding = 4; lastKnownFileType = sourcecode.swift; path = UIViewColorHead.swift; sourceTree = "<group>"; };
		309BAC541E6C358600BE5C01 /* UIBarButtonItemColor.swift */ = {isa = PBXFileReference; fileEncoding = 4; lastKnownFileType = sourcecode.swift; path = UIBarButtonItemColor.swift; sourceTree = "<group>"; };
		309BAC561E6CA1CA00BE5C01 /* UIButtonStartEnd.swift */ = {isa = PBXFileReference; fileEncoding = 4; lastKnownFileType = sourcecode.swift; path = UIButtonStartEnd.swift; sourceTree = "<group>"; };
		309EC1341E6309C500ECC41D /* colorCheckGame.app */ = {isa = PBXFileReference; explicitFileType = wrapper.application; includeInIndex = 0; path = colorCheckGame.app; sourceTree = BUILT_PRODUCTS_DIR; };
		309EC1371E6309C500ECC41D /* AppDelegate.swift */ = {isa = PBXFileReference; lastKnownFileType = sourcecode.swift; path = AppDelegate.swift; sourceTree = "<group>"; };
		309EC1391E6309C500ECC41D /* ViewController.swift */ = {isa = PBXFileReference; lastKnownFileType = sourcecode.swift; path = ViewController.swift; sourceTree = "<group>"; };
		309EC13C1E6309C500ECC41D /* Base */ = {isa = PBXFileReference; lastKnownFileType = file.storyboard; name = Base; path = Base.lproj/Main.storyboard; sourceTree = "<group>"; };
		309EC13F1E6309C500ECC41D /* colorCheckGame.xcdatamodel */ = {isa = PBXFileReference; lastKnownFileType = wrapper.xcdatamodel; path = colorCheckGame.xcdatamodel; sourceTree = "<group>"; };
		309EC1411E6309C500ECC41D /* Assets.xcassets */ = {isa = PBXFileReference; lastKnownFileType = folder.assetcatalog; path = Assets.xcassets; sourceTree = "<group>"; };
		309EC1441E6309C500ECC41D /* Base */ = {isa = PBXFileReference; lastKnownFileType = file.storyboard; name = Base; path = Base.lproj/LaunchScreen.storyboard; sourceTree = "<group>"; };
		309EC1461E6309C500ECC41D /* Info.plist */ = {isa = PBXFileReference; lastKnownFileType = text.plist.xml; path = Info.plist; sourceTree = "<group>"; };
		309EC14C1E630A5C00ECC41D /* UILabelScores.swift */ = {isa = PBXFileReference; fileEncoding = 4; lastKnownFileType = sourcecode.swift; path = UILabelScores.swift; sourceTree = "<group>"; };
		309EC14E1E630A7B00ECC41D /* UILabelTimer.swift */ = {isa = PBXFileReference; fileEncoding = 4; lastKnownFileType = sourcecode.swift; path = UILabelTimer.swift; sourceTree = "<group>"; };
/* End PBXFileReference section */

/* Begin PBXFrameworksBuildPhase section */
		309EC1311E6309C400ECC41D /* Frameworks */ = {
			isa = PBXFrameworksBuildPhase;
			buildActionMask = 2147483647;
			files = (
			);
			runOnlyForDeploymentPostprocessing = 0;
		};
/* End PBXFrameworksBuildPhase section */

/* Begin PBXGroup section */
		309EC12B1E6309C400ECC41D = {
			isa = PBXGroup;
			children = (
				309EC1361E6309C500ECC41D /* colorCheckGame */,
				309EC1351E6309C500ECC41D /* Products */,
			);
			sourceTree = "<group>";
		};
		309EC1351E6309C500ECC41D /* Products */ = {
			isa = PBXGroup;
			children = (
				309EC1341E6309C500ECC41D /* colorCheckGame.app */,
			);
			name = Products;
			sourceTree = "<group>";
		};
		309EC1361E6309C500ECC41D /* colorCheckGame */ = {
			isa = PBXGroup;
			children = (
				309EC1371E6309C500ECC41D /* AppDelegate.swift */,
				309EC1391E6309C500ECC41D /* ViewController.swift */,
				309EC13B1E6309C500ECC41D /* Main.storyboard */,
				309BAC541E6C358600BE5C01 /* UIBarButtonItemColor.swift */,
				309BAC561E6CA1CA00BE5C01 /* UIButtonStartEnd.swift */,
				309BAC521E6C06D500BE5C01 /* UIViewColorHead.swift */,
				309EC14C1E630A5C00ECC41D /* UILabelScores.swift */,
				309EC14E1E630A7B00ECC41D /* UILabelTimer.swift */,
				309BAC4E1E6C00F100BE5C01 /* UILabelTimerAll.swift */,
				30131C371E70707D00E11225 /* UILabelTimerClass.swift */,
				309EC1411E6309C500ECC41D /* Assets.xcassets */,
				309EC1431E6309C500ECC41D /* LaunchScreen.storyboard */,
				309EC1461E6309C500ECC41D /* Info.plist */,
				309EC13E1E6309C500ECC41D /* colorCheckGame.xcdatamodeld */,
			);
			path = colorCheckGame;
			sourceTree = "<group>";
		};
/* End PBXGroup section */

/* Begin PBXNativeTarget section */
		309EC1331E6309C400ECC41D /* colorCheckGame */ = {
			isa = PBXNativeTarget;
			buildConfigurationList = 309EC1491E6309C500ECC41D /* Build configuration list for PBXNativeTarget "colorCheckGame" */;
			buildPhases = (
				309EC1301E6309C400ECC41D /* Sources */,
				309EC1311E6309C400ECC41D /* Frameworks */,
				309EC1321E6309C400ECC41D /* Resources */,
			);
			buildRules = (
			);
			dependencies = (
			);
			name = colorCheckGame;
			productName = colorCheckGame;
			productReference = 309EC1341E6309C500ECC41D /* colorCheckGame.app */;
			productType = "com.apple.product-type.application";
		};
/* End PBXNativeTarget section */

/* Begin PBXProject section */
		309EC12C1E6309C400ECC41D /* Project object */ = {
			isa = PBXProject;
			attributes = {
				LastSwiftUpdateCheck = 0820;
				LastUpgradeCheck = 0820;
				ORGANIZATIONNAME = "Tony Marko";
				TargetAttributes = {
					309EC1331E6309C400ECC41D = {
						CreatedOnToolsVersion = 8.2.1;
						DevelopmentTeam = 724F9NT6J5;
						ProvisioningStyle = Automatic;
					};
				};
			};
			buildConfigurationList = 309EC12F1E6309C400ECC41D /* Build configuration list for PBXProject "colorCheckGame" */;
			compatibilityVersion = "Xcode 3.2";
			developmentRegion = English;
			hasScannedForEncodings = 0;
			knownRegions = (
				en,
				Base,
			);
			mainGroup = 309EC12B1E6309C400ECC41D;
			productRefGroup = 309EC1351E6309C500ECC41D /* Products */;
			projectDirPath = "";
			projectRoot = "";
			targets = (
				309EC1331E6309C400ECC41D /* colorCheckGame */,
			);
		};
/* End PBXProject section */

/* Begin PBXResourcesBuildPhase section */
		309EC1321E6309C400ECC41D /* Resources */ = {
			isa = PBXResourcesBuildPhase;
			buildActionMask = 2147483647;
			files = (
				309EC1451E6309C500ECC41D /* LaunchScreen.storyboard in Resources */,
				309EC1421E6309C500ECC41D /* Assets.xcassets in Resources */,
				309EC13D1E6309C500ECC41D /* Main.storyboard in Resources */,
			);
			runOnlyForDeploymentPostprocessing = 0;
		};
/* End PBXResourcesBuildPhase section */

/* Begin PBXSourcesBuildPhase section */
		309EC1301E6309C400ECC41D /* Sources */ = {
			isa = PBXSourcesBuildPhase;
			buildActionMask = 2147483647;
			files = (
				309EC1401E6309C500ECC41D /* colorCheckGame.xcdatamodeld in Sources */,
				309EC14F1E630A7B00ECC41D /* UILabelTimer.swift in Sources */,
				309BAC551E6C358600BE5C01 /* UIBarButtonItemColor.swift in Sources */,
				309EC13A1E6309C500ECC41D /* ViewController.swift in Sources */,
				309EC1381E6309C500ECC41D /* AppDelegate.swift in Sources */,
				309BAC4F1E6C00F100BE5C01 /* UILabelTimerAll.swift in Sources */,
				309EC14D1E630A5C00ECC41D /* UILabelScores.swift in Sources */,
				30131C381E70707D00E11225 /* UILabelTimerClass.swift in Sources */,
				309BAC571E6CA1CA00BE5C01 /* UIButtonStartEnd.swift in Sources */,
				309BAC531E6C06D500BE5C01 /* UIViewColorHead.swift in Sources */,
			);
			runOnlyForDeploymentPostprocessing = 0;
		};
/* End PBXSourcesBuildPhase section */

/* Begin PBXVariantGroup section */
		309EC13B1E6309C500ECC41D /* Main.storyboard */ = {
			isa = PBXVariantGroup;
			children = (
				309EC13C1E6309C500ECC41D /* Base */,
			);
			name = Main.storyboard;
			sourceTree = "<group>";
		};
		309EC1431E6309C500ECC41D /* LaunchScreen.storyboard */ = {
			isa = PBXVariantGroup;
			children = (
				309EC1441E6309C500ECC41D /* Base */,
			);
			name = LaunchScreen.storyboard;
			sourceTree = "<group>";
		};
/* End PBXVariantGroup section */

/* Begin XCBuildConfiguration section */
		309EC1471E6309C500ECC41D /* Debug */ = {
			isa = XCBuildConfiguration;
			buildSettings = {
				ALWAYS_SEARCH_USER_PATHS = NO;
				CLANG_ANALYZER_NONNULL = YES;
				CLANG_CXX_LANGUAGE_STANDARD = "gnu++0x";
				CLANG_CXX_LIBRARY = "libc++";
				CLANG_ENABLE_MODULES = YES;
				CLANG_ENABLE_OBJC_ARC = YES;
				CLANG_WARN_BOOL_CONVERSION = YES;
				CLANG_WARN_CONSTANT_CONVERSION = YES;
				CLANG_WARN_DIRECT_OBJC_ISA_USAGE = YES_ERROR;
				CLANG_WARN_DOCUMENTATION_COMMENTS = YES;
				CLANG_WARN_EMPTY_BODY = YES;
				CLANG_WARN_ENUM_CONVERSION = YES;
				CLANG_WARN_INFINITE_RECURSION = YES;
				CLANG_WARN_INT_CONVERSION = YES;
				CLANG_WARN_OBJC_ROOT_CLASS = YES_ERROR;
				CLANG_WARN_SUSPICIOUS_MOVE = YES;
				CLANG_WARN_UNREACHABLE_CODE = YES;
				CLANG_WARN__DUPLICATE_METHOD_MATCH = YES;
				"CODE_SIGN_IDENTITY[sdk=iphoneos*]" = "iPhone Developer";
				COPY_PHASE_STRIP = NO;
				DEBUG_INFORMATION_FORMAT = dwarf;
				ENABLE_STRICT_OBJC_MSGSEND = YES;
				ENABLE_TESTABILITY = YES;
				GCC_C_LANGUAGE_STANDARD = gnu99;
				GCC_DYNAMIC_NO_PIC = NO;
				GCC_NO_COMMON_BLOCKS = YES;
				GCC_OPTIMIZATION_LEVEL = 0;
				GCC_PREPROCESSOR_DEFINITIONS = (
					"DEBUG=1",
					"$(inherited)",
				);
				GCC_WARN_64_TO_32_BIT_CONVERSION = YES;
				GCC_WARN_ABOUT_RETURN_TYPE = YES_ERROR;
				GCC_WARN_UNDECLARED_SELECTOR = YES;
				GCC_WARN_UNINITIALIZED_AUTOS = YES_AGGRESSIVE;
				GCC_WARN_UNUSED_FUNCTION = YES;
				GCC_WARN_UNUSED_VARIABLE = YES;
				IPHONEOS_DEPLOYMENT_TARGET = 10.2;
				MTL_ENABLE_DEBUG_INFO = YES;
				ONLY_ACTIVE_ARCH = YES;
				SDKROOT = iphoneos;
				SWIFT_ACTIVE_COMPILATION_CONDITIONS = DEBUG;
				SWIFT_OPTIMIZATION_LEVEL = "-Onone";
			};
			name = Debug;
		};
		309EC1481E6309C500ECC41D /* Release */ = {
			isa = XCBuildConfiguration;
			buildSettings = {
				ALWAYS_SEARCH_USER_PATHS = NO;
				CLANG_ANALYZER_NONNULL = YES;
				CLANG_CXX_LANGUAGE_STANDARD = "gnu++0x";
				CLANG_CXX_LIBRARY = "libc++";
				CLANG_ENABLE_MODULES = YES;
				CLANG_ENABLE_OBJC_ARC = YES;
				CLANG_WARN_BOOL_CONVERSION = YES;
				CLANG_WARN_CONSTANT_CONVERSION = YES;
				CLANG_WARN_DIRECT_OBJC_ISA_USAGE = YES_ERROR;
				CLANG_WARN_DOCUMENTATION_COMMENTS = YES;
				CLANG_WARN_EMPTY_BODY = YES;
				CLANG_WARN_ENUM_CONVERSION = YES;
				CLANG_WARN_INFINITE_RECURSION = YES;
				CLANG_WARN_INT_CONVERSION = YES;
				CLANG_WARN_OBJC_ROOT_CLASS = YES_ERROR;
				CLANG_WARN_SUSPICIOUS_MOVE = YES;
				CLANG_WARN_UNREACHABLE_CODE = YES;
				CLANG_WARN__DUPLICATE_METHOD_MATCH = YES;
				"CODE_SIGN_IDENTITY[sdk=iphoneos*]" = "iPhone Developer";
				COPY_PHASE_STRIP = NO;
				DEBUG_INFORMATION_FORMAT = "dwarf-with-dsym";
				ENABLE_NS_ASSERTIONS = NO;
				ENABLE_STRICT_OBJC_MSGSEND = YES;
				GCC_C_LANGUAGE_STANDARD = gnu99;
				GCC_NO_COMMON_BLOCKS = YES;
				GCC_WARN_64_TO_32_BIT_CONVERSION = YES;
				GCC_WARN_ABOUT_RETURN_TYPE = YES_ERROR;
				GCC_WARN_UNDECLARED_SELECTOR = YES;
				GCC_WARN_UNINITIALIZED_AUTOS = YES_AGGRESSIVE;
				GCC_WARN_UNUSED_FUNCTION = YES;
				GCC_WARN_UNUSED_VARIABLE = YES;
				IPHONEOS_DEPLOYMENT_TARGET = 10.2;
				MTL_ENABLE_DEBUG_INFO = NO;
				SDKROOT = iphoneos;
				SWIFT_OPTIMIZATION_LEVEL = "-Owholemodule";
				VALIDATE_PRODUCT = YES;
			};
			name = Release;
		};
		309EC14A1E6309C500ECC41D /* Debug */ = {
			isa = XCBuildConfiguration;
			buildSettings = {
				ASSETCATALOG_COMPILER_APPICON_NAME = AppIcon;
				DEVELOPMENT_TEAM = 724F9NT6J5;
				INFOPLIST_FILE = colorCheckGame/Info.plist;
				LD_RUNPATH_SEARCH_PATHS = "$(inherited) @executable_path/Frameworks";
				PRODUCT_BUNDLE_IDENTIFIER = TM101.colorCheckGame;
				PRODUCT_NAME = "$(TARGET_NAME)";
				SWIFT_VERSION = 3.0;
			};
			name = Debug;
		};
		309EC14B1E6309C500ECC41D /* Release */ = {
			isa = XCBuildConfiguration;
			buildSettings = {
				ASSETCATALOG_COMPILER_APPICON_NAME = AppIcon;
				DEVELOPMENT_TEAM = 724F9NT6J5;
				INFOPLIST_FILE = colorCheckGame/Info.plist;
				LD_RUNPATH_SEARCH_PATHS = "$(inherited) @executable_path/Frameworks";
				PRODUCT_BUNDLE_IDENTIFIER = TM101.colorCheckGame;
				PRODUCT_NAME = "$(TARGET_NAME)";
				SWIFT_VERSION = 3.0;
			};
			name = Release;
		};
/* End XCBuildConfiguration section */

/* Begin XCConfigurationList section */
		309EC12F1E6309C400ECC41D /* Build configuration list for PBXProject "colorCheckGame" */ = {
			isa = XCConfigurationList;
			buildConfigurations = (
				309EC1471E6309C500ECC41D /* Debug */,
				309EC1481E6309C500ECC41D /* Release */,
			);
			defaultConfigurationIsVisible = 0;
			defaultConfigurationName = Release;
		};
		309EC1491E6309C500ECC41D /* Build configuration list for PBXNativeTarget "colorCheckGame" */ = {
			isa = XCConfigurationList;
			buildConfigurations = (
				309EC14A1E6309C500ECC41D /* Debug */,
				309EC14B1E6309C500ECC41D /* Release */,
			);
			defaultConfigurationIsVisible = 0;
			defaultConfigurationName = Release;
		};
/* End XCConfigurationList section */

/* Begin XCVersionGroup section */
		309EC13E1E6309C500ECC41D /* colorCheckGame.xcdatamodeld */ = {
			isa = XCVersionGroup;
			children = (
				309EC13F1E6309C500ECC41D /* colorCheckGame.xcdatamodel */,
			);
			currentVersion = 309EC13F1E6309C500ECC41D /* colorCheckGame.xcdatamodel */;
			path = colorCheckGame.xcdatamodeld;
			sourceTree = "<group>";
			versionGroupType = wrapper.xcdatamodel;
		};
/* End XCVersionGroup section */
	};
	rootObject = 309EC12C1E6309C400ECC41D /* Project object */;
}
